PODS:
  - SpreadsheetView (0.8.4)
  - SQLite.swift (0.11.4):
    - SQLite.swift/standard (= 0.11.4)
  - SQLite.swift/standard (0.11.4)

DEPENDENCIES:
  - SpreadsheetView
  - SQLite.swift (~> 0.11.4)

SPEC REPOS:
  https://github.com/cocoapods/specs.git:
    - SpreadsheetView
    - SQLite.swift

SPEC CHECKSUMS:
  SpreadsheetView: 17c55b6dc82099993cc2ceb818248d19f3220998
  SQLite.swift: 3e3bee21da701b5b9f87c4a672cb54f233505692

PODFILE CHECKSUM: bb880ae7be1bdc7b7f26065cbea95a652488e47a

COCOAPODS: 1.6.0
